// !$*UTF8*$!
{
	archiveVersion = 1;
	classes = {
	};
	objectVersion = 56;
	objects = {

/* Begin PBXBuildFile section */
		083EF4DA2A34F206009BEF5F /* EventiDemoApp.swift in Sources */ = {isa = PBXBuildFile; fileRef = 083EF4D92A34F206009BEF5F /* EventiDemoApp.swift */; };
		083EF4DE2A34F208009BEF5F /* Assets.xcassets in Resources */ = {isa = PBXBuildFile; fileRef = 083EF4DD2A34F208009BEF5F /* Assets.xcassets */; };
		083EF4E22A34F208009BEF5F /* Preview Assets.xcassets in Resources */ = {isa = PBXBuildFile; fileRef = 083EF4E12A34F208009BEF5F /* Preview Assets.xcassets */; };
		083EF4EC2A34F209009BEF5F /* EventiDemoTests.swift in Sources */ = {isa = PBXBuildFile; fileRef = 083EF4EB2A34F209009BEF5F /* EventiDemoTests.swift */; };
		083EF4F62A34F209009BEF5F /* EventiDemoUITests.swift in Sources */ = {isa = PBXBuildFile; fileRef = 083EF4F52A34F209009BEF5F /* EventiDemoUITests.swift */; };
		083EF4F82A34F209009BEF5F /* EventiDemoUITestsLaunchTests.swift in Sources */ = {isa = PBXBuildFile; fileRef = 083EF4F72A34F209009BEF5F /* EventiDemoUITestsLaunchTests.swift */; };
		083EF5082A34F26C009BEF5F /* RootViewModel.swift in Sources */ = {isa = PBXBuildFile; fileRef = 083EF5062A34F26C009BEF5F /* RootViewModel.swift */; };
		083EF5092A34F26C009BEF5F /* RootView.swift in Sources */ = {isa = PBXBuildFile; fileRef = 083EF5072A34F26C009BEF5F /* RootView.swift */; };
		083EF50C2A34F2AA009BEF5F /* DashboardScreenView.swift in Sources */ = {isa = PBXBuildFile; fileRef = 083EF50B2A34F2AA009BEF5F /* DashboardScreenView.swift */; };
		083EF50F2A34F2BE009BEF5F /* DashboardEventCardView.swift in Sources */ = {isa = PBXBuildFile; fileRef = 083EF50E2A34F2BE009BEF5F /* DashboardEventCardView.swift */; };
		083EF5142A34F2F0009BEF5F /* NavigationUtility.swift in Sources */ = {isa = PBXBuildFile; fileRef = 083EF5122A34F2F0009BEF5F /* NavigationUtility.swift */; };
		083EF5152A34F2F0009BEF5F /* NavigationObject.swift in Sources */ = {isa = PBXBuildFile; fileRef = 083EF5132A34F2F0009BEF5F /* NavigationObject.swift */; };
		088151492A3654DF00293966 /* LoginView.swift in Sources */ = {isa = PBXBuildFile; fileRef = 088151482A3654DF00293966 /* LoginView.swift */; };
		08C18E522A56EC6500D60176 /* DeleteMe.swift in Sources */ = {isa = PBXBuildFile; fileRef = 08C18E512A56EC6500D60176 /* DeleteMe.swift */; };
		08FABC8E2A55CDBD00464614 /* GoogleService-Info.plist in Resources */ = {isa = PBXBuildFile; fileRef = 08FABC8D2A55CDBD00464614 /* GoogleService-Info.plist */; };
		08FABC912A55CE6600464614 /* FirebaseAnalytics in Frameworks */ = {isa = PBXBuildFile; productRef = 08FABC902A55CE6600464614 /* FirebaseAnalytics */; };
		08FABC932A55CE6600464614 /* FirebaseAuth in Frameworks */ = {isa = PBXBuildFile; productRef = 08FABC922A55CE6600464614 /* FirebaseAuth */; };
/* End PBXBuildFile section */

/* Begin PBXContainerItemProxy section */
		083EF4E82A34F209009BEF5F /* PBXContainerItemProxy */ = {
			isa = PBXContainerItemProxy;
			containerPortal = 083EF4CE2A34F206009BEF5F /* Project object */;
			proxyType = 1;
			remoteGlobalIDString = 083EF4D52A34F206009BEF5F;
			remoteInfo = EventiDemo;
		};
		083EF4F22A34F209009BEF5F /* PBXContainerItemProxy */ = {
			isa = PBXContainerItemProxy;
			containerPortal = 083EF4CE2A34F206009BEF5F /* Project object */;
			proxyType = 1;
			remoteGlobalIDString = 083EF4D52A34F206009BEF5F;
			remoteInfo = EventiDemo;
		};
/* End PBXContainerItemProxy section */

/* Begin PBXFileReference section */
		083EF4D62A34F206009BEF5F /* EventiDemo.app */ = {isa = PBXFileReference; explicitFileType = wrapper.application; includeInIndex = 0; path = EventiDemo.app; sourceTree = BUILT_PRODUCTS_DIR; };
		083EF4D92A34F206009BEF5F /* EventiDemoApp.swift */ = {isa = PBXFileReference; lastKnownFileType = sourcecode.swift; path = EventiDemoApp.swift; sourceTree = "<group>"; };
		083EF4DD2A34F208009BEF5F /* Assets.xcassets */ = {isa = PBXFileReference; lastKnownFileType = folder.assetcatalog; path = Assets.xcassets; sourceTree = "<group>"; };
		083EF4DF2A34F208009BEF5F /* EventiDemo.entitlements */ = {isa = PBXFileReference; lastKnownFileType = text.plist.entitlements; path = EventiDemo.entitlements; sourceTree = "<group>"; };
		083EF4E12A34F208009BEF5F /* Preview Assets.xcassets */ = {isa = PBXFileReference; lastKnownFileType = folder.assetcatalog; path = "Preview Assets.xcassets"; sourceTree = "<group>"; };
		083EF4E72A34F209009BEF5F /* EventiDemoTests.xctest */ = {isa = PBXFileReference; explicitFileType = wrapper.cfbundle; includeInIndex = 0; path = EventiDemoTests.xctest; sourceTree = BUILT_PRODUCTS_DIR; };
		083EF4EB2A34F209009BEF5F /* EventiDemoTests.swift */ = {isa = PBXFileReference; lastKnownFileType = sourcecode.swift; path = EventiDemoTests.swift; sourceTree = "<group>"; };
		083EF4F12A34F209009BEF5F /* EventiDemoUITests.xctest */ = {isa = PBXFileReference; explicitFileType = wrapper.cfbundle; includeInIndex = 0; path = EventiDemoUITests.xctest; sourceTree = BUILT_PRODUCTS_DIR; };
		083EF4F52A34F209009BEF5F /* EventiDemoUITests.swift */ = {isa = PBXFileReference; lastKnownFileType = sourcecode.swift; path = EventiDemoUITests.swift; sourceTree = "<group>"; };
		083EF4F72A34F209009BEF5F /* EventiDemoUITestsLaunchTests.swift */ = {isa = PBXFileReference; lastKnownFileType = sourcecode.swift; path = EventiDemoUITestsLaunchTests.swift; sourceTree = "<group>"; };
		083EF5062A34F26C009BEF5F /* RootViewModel.swift */ = {isa = PBXFileReference; fileEncoding = 4; lastKnownFileType = sourcecode.swift; path = RootViewModel.swift; sourceTree = "<group>"; };
		083EF5072A34F26C009BEF5F /* RootView.swift */ = {isa = PBXFileReference; fileEncoding = 4; lastKnownFileType = sourcecode.swift; path = RootView.swift; sourceTree = "<group>"; };
		083EF50B2A34F2AA009BEF5F /* DashboardScreenView.swift */ = {isa = PBXFileReference; fileEncoding = 4; lastKnownFileType = sourcecode.swift; path = DashboardScreenView.swift; sourceTree = "<group>"; };
		083EF50E2A34F2BE009BEF5F /* DashboardEventCardView.swift */ = {isa = PBXFileReference; fileEncoding = 4; lastKnownFileType = sourcecode.swift; path = DashboardEventCardView.swift; sourceTree = "<group>"; };
		083EF5122A34F2F0009BEF5F /* NavigationUtility.swift */ = {isa = PBXFileReference; fileEncoding = 4; lastKnownFileType = sourcecode.swift; path = NavigationUtility.swift; sourceTree = "<group>"; };
		083EF5132A34F2F0009BEF5F /* NavigationObject.swift */ = {isa = PBXFileReference; fileEncoding = 4; lastKnownFileType = sourcecode.swift; path = NavigationObject.swift; sourceTree = "<group>"; };
		088151482A3654DF00293966 /* LoginView.swift */ = {isa = PBXFileReference; lastKnownFileType = sourcecode.swift; path = LoginView.swift; sourceTree = "<group>"; };
		08C18E512A56EC6500D60176 /* DeleteMe.swift */ = {isa = PBXFileReference; lastKnownFileType = sourcecode.swift; path = DeleteMe.swift; sourceTree = "<group>"; };
		08FABC8D2A55CDBD00464614 /* GoogleService-Info.plist */ = {isa = PBXFileReference; fileEncoding = 4; lastKnownFileType = text.plist.xml; path = "GoogleService-Info.plist"; sourceTree = "<group>"; };
/* End PBXFileReference section */

/* Begin PBXFrameworksBuildPhase section */
		083EF4D32A34F206009BEF5F /* Frameworks */ = {
			isa = PBXFrameworksBuildPhase;
			buildActionMask = 2147483647;
			files = (
				08FABC912A55CE6600464614 /* FirebaseAnalytics in Frameworks */,
				08FABC932A55CE6600464614 /* FirebaseAuth in Frameworks */,
			);
			runOnlyForDeploymentPostprocessing = 0;
		};
		083EF4E42A34F209009BEF5F /* Frameworks */ = {
			isa = PBXFrameworksBuildPhase;
			buildActionMask = 2147483647;
			files = (
			);
			runOnlyForDeploymentPostprocessing = 0;
		};
		083EF4EE2A34F209009BEF5F /* Frameworks */ = {
			isa = PBXFrameworksBuildPhase;
			buildActionMask = 2147483647;
			files = (
			);
			runOnlyForDeploymentPostprocessing = 0;
		};
/* End PBXFrameworksBuildPhase section */

/* Begin PBXGroup section */
		083EF4CD2A34F206009BEF5F = {
			isa = PBXGroup;
			children = (
				083EF4D82A34F206009BEF5F /* EventiDemo */,
				083EF4EA2A34F209009BEF5F /* EventiDemoTests */,
				083EF4F42A34F209009BEF5F /* EventiDemoUITests */,
				083EF4D72A34F206009BEF5F /* Products */,
			);
			sourceTree = "<group>";
		};
		083EF4D72A34F206009BEF5F /* Products */ = {
			isa = PBXGroup;
			children = (
				083EF4D62A34F206009BEF5F /* EventiDemo.app */,
				083EF4E72A34F209009BEF5F /* EventiDemoTests.xctest */,
				083EF4F12A34F209009BEF5F /* EventiDemoUITests.xctest */,
			);
			name = Products;
			sourceTree = "<group>";
		};
		083EF4D82A34F206009BEF5F /* EventiDemo */ = {
			isa = PBXGroup;
			children = (
				083EF5042A34F252009BEF5F /* Screens */,
				083EF5102A34F2CD009BEF5F /* Utilities */,
				083EF4D92A34F206009BEF5F /* EventiDemoApp.swift */,
				083EF4DD2A34F208009BEF5F /* Assets.xcassets */,
				083EF4DF2A34F208009BEF5F /* EventiDemo.entitlements */,
				08FABC8D2A55CDBD00464614 /* GoogleService-Info.plist */,
				083EF4E02A34F208009BEF5F /* Preview Content */,
			);
			path = EventiDemo;
			sourceTree = "<group>";
		};
		083EF4E02A34F208009BEF5F /* Preview Content */ = {
			isa = PBXGroup;
			children = (
				083EF4E12A34F208009BEF5F /* Preview Assets.xcassets */,
			);
			path = "Preview Content";
			sourceTree = "<group>";
		};
		083EF4EA2A34F209009BEF5F /* EventiDemoTests */ = {
			isa = PBXGroup;
			children = (
				083EF4EB2A34F209009BEF5F /* EventiDemoTests.swift */,
			);
			path = EventiDemoTests;
			sourceTree = "<group>";
		};
		083EF4F42A34F209009BEF5F /* EventiDemoUITests */ = {
			isa = PBXGroup;
			children = (
				083EF4F52A34F209009BEF5F /* EventiDemoUITests.swift */,
				083EF4F72A34F209009BEF5F /* EventiDemoUITestsLaunchTests.swift */,
			);
			path = EventiDemoUITests;
			sourceTree = "<group>";
		};
		083EF5042A34F252009BEF5F /* Screens */ = {
			isa = PBXGroup;
			children = (
				088151472A3654C500293966 /* LoginScreen */,
				083EF50A2A34F274009BEF5F /* DashboardScreen */,
				083EF5052A34F25A009BEF5F /* RootScreen */,
			);
			path = Screens;
			sourceTree = "<group>";
		};
		083EF5052A34F25A009BEF5F /* RootScreen */ = {
			isa = PBXGroup;
			children = (
				083EF5072A34F26C009BEF5F /* RootView.swift */,
				083EF5062A34F26C009BEF5F /* RootViewModel.swift */,
			);
			path = RootScreen;
			sourceTree = "<group>";
		};
		083EF50A2A34F274009BEF5F /* DashboardScreen */ = {
			isa = PBXGroup;
			children = (
				083EF50D2A34F2B1009BEF5F /* ViewComponents */,
				083EF50B2A34F2AA009BEF5F /* DashboardScreenView.swift */,
			);
			path = DashboardScreen;
			sourceTree = "<group>";
		};
		083EF50D2A34F2B1009BEF5F /* ViewComponents */ = {
			isa = PBXGroup;
			children = (
				083EF50E2A34F2BE009BEF5F /* DashboardEventCardView.swift */,
			);
			path = ViewComponents;
			sourceTree = "<group>";
		};
		083EF5102A34F2CD009BEF5F /* Utilities */ = {
			isa = PBXGroup;
			children = (
				083EF5112A34F2D7009BEF5F /* Navigation */,
			);
			path = Utilities;
			sourceTree = "<group>";
		};
		083EF5112A34F2D7009BEF5F /* Navigation */ = {
			isa = PBXGroup;
			children = (
				083EF5132A34F2F0009BEF5F /* NavigationObject.swift */,
				083EF5122A34F2F0009BEF5F /* NavigationUtility.swift */,
			);
			path = Navigation;
			sourceTree = "<group>";
		};
		088151472A3654C500293966 /* LoginScreen */ = {
			isa = PBXGroup;
			children = (
				088151482A3654DF00293966 /* LoginView.swift */,
				08C18E512A56EC6500D60176 /* DeleteMe.swift */,
			);
			path = LoginScreen;
			sourceTree = "<group>";
		};
/* End PBXGroup section */

/* Begin PBXNativeTarget section */
		083EF4D52A34F206009BEF5F /* EventiDemo */ = {
			isa = PBXNativeTarget;
			buildConfigurationList = 083EF4FB2A34F209009BEF5F /* Build configuration list for PBXNativeTarget "EventiDemo" */;
			buildPhases = (
				083EF4D22A34F206009BEF5F /* Sources */,
				083EF4D32A34F206009BEF5F /* Frameworks */,
				083EF4D42A34F206009BEF5F /* Resources */,
			);
			buildRules = (
			);
			dependencies = (
			);
			name = EventiDemo;
			packageProductDependencies = (
				08FABC902A55CE6600464614 /* FirebaseAnalytics */,
				08FABC922A55CE6600464614 /* FirebaseAuth */,
			);
			productName = EventiDemo;
			productReference = 083EF4D62A34F206009BEF5F /* EventiDemo.app */;
			productType = "com.apple.product-type.application";
		};
		083EF4E62A34F209009BEF5F /* EventiDemoTests */ = {
			isa = PBXNativeTarget;
			buildConfigurationList = 083EF4FE2A34F209009BEF5F /* Build configuration list for PBXNativeTarget "EventiDemoTests" */;
			buildPhases = (
				083EF4E32A34F209009BEF5F /* Sources */,
				083EF4E42A34F209009BEF5F /* Frameworks */,
				083EF4E52A34F209009BEF5F /* Resources */,
			);
			buildRules = (
			);
			dependencies = (
				083EF4E92A34F209009BEF5F /* PBXTargetDependency */,
			);
			name = EventiDemoTests;
			productName = EventiDemoTests;
			productReference = 083EF4E72A34F209009BEF5F /* EventiDemoTests.xctest */;
			productType = "com.apple.product-type.bundle.unit-test";
		};
		083EF4F02A34F209009BEF5F /* EventiDemoUITests */ = {
			isa = PBXNativeTarget;
			buildConfigurationList = 083EF5012A34F209009BEF5F /* Build configuration list for PBXNativeTarget "EventiDemoUITests" */;
			buildPhases = (
				083EF4ED2A34F209009BEF5F /* Sources */,
				083EF4EE2A34F209009BEF5F /* Frameworks */,
				083EF4EF2A34F209009BEF5F /* Resources */,
			);
			buildRules = (
			);
			dependencies = (
				083EF4F32A34F209009BEF5F /* PBXTargetDependency */,
			);
			name = EventiDemoUITests;
			productName = EventiDemoUITests;
			productReference = 083EF4F12A34F209009BEF5F /* EventiDemoUITests.xctest */;
			productType = "com.apple.product-type.bundle.ui-testing";
		};
/* End PBXNativeTarget section */

/* Begin PBXProject section */
		083EF4CE2A34F206009BEF5F /* Project object */ = {
			isa = PBXProject;
			attributes = {
				BuildIndependentTargetsInParallel = 1;
				LastSwiftUpdateCheck = 1430;
				LastUpgradeCheck = 1430;
				TargetAttributes = {
					083EF4D52A34F206009BEF5F = {
						CreatedOnToolsVersion = 14.3.1;
					};
					083EF4E62A34F209009BEF5F = {
						CreatedOnToolsVersion = 14.3.1;
						TestTargetID = 083EF4D52A34F206009BEF5F;
					};
					083EF4F02A34F209009BEF5F = {
						CreatedOnToolsVersion = 14.3.1;
						TestTargetID = 083EF4D52A34F206009BEF5F;
					};
				};
			};
			buildConfigurationList = 083EF4D12A34F206009BEF5F /* Build configuration list for PBXProject "EventiDemo" */;
			compatibilityVersion = "Xcode 14.0";
			developmentRegion = en;
			hasScannedForEncodings = 0;
			knownRegions = (
				en,
				Base,
			);
			mainGroup = 083EF4CD2A34F206009BEF5F;
			packageReferences = (
				08FABC8F2A55CE6600464614 /* XCRemoteSwiftPackageReference "firebase-ios-sdk" */,
			);
			productRefGroup = 083EF4D72A34F206009BEF5F /* Products */;
			projectDirPath = "";
			projectRoot = "";
			targets = (
				083EF4D52A34F206009BEF5F /* EventiDemo */,
				083EF4E62A34F209009BEF5F /* EventiDemoTests */,
				083EF4F02A34F209009BEF5F /* EventiDemoUITests */,
			);
		};
/* End PBXProject section */

/* Begin PBXResourcesBuildPhase section */
		083EF4D42A34F206009BEF5F /* Resources */ = {
			isa = PBXResourcesBuildPhase;
			buildActionMask = 2147483647;
			files = (
				083EF4E22A34F208009BEF5F /* Preview Assets.xcassets in Resources */,
				083EF4DE2A34F208009BEF5F /* Assets.xcassets in Resources */,
				08FABC8E2A55CDBD00464614 /* GoogleService-Info.plist in Resources */,
			);
			runOnlyForDeploymentPostprocessing = 0;
		};
		083EF4E52A34F209009BEF5F /* Resources */ = {
			isa = PBXResourcesBuildPhase;
			buildActionMask = 2147483647;
			files = (
			);
			runOnlyForDeploymentPostprocessing = 0;
		};
		083EF4EF2A34F209009BEF5F /* Resources */ = {
			isa = PBXResourcesBuildPhase;
			buildActionMask = 2147483647;
			files = (
			);
			runOnlyForDeploymentPostprocessing = 0;
		};
/* End PBXResourcesBuildPhase section */

/* Begin PBXSourcesBuildPhase section */
		083EF4D22A34F206009BEF5F /* Sources */ = {
			isa = PBXSourcesBuildPhase;
			buildActionMask = 2147483647;
			files = (
				08C18E522A56EC6500D60176 /* DeleteMe.swift in Sources */,
				083EF5152A34F2F0009BEF5F /* NavigationObject.swift in Sources */,
				083EF50F2A34F2BE009BEF5F /* DashboardEventCardView.swift in Sources */,
				083EF5142A34F2F0009BEF5F /* NavigationUtility.swift in Sources */,
				083EF5092A34F26C009BEF5F /* RootView.swift in Sources */,
				083EF5082A34F26C009BEF5F /* RootViewModel.swift in Sources */,
				083EF4DA2A34F206009BEF5F /* EventiDemoApp.swift in Sources */,
				088151492A3654DF00293966 /* LoginView.swift in Sources */,
				083EF50C2A34F2AA009BEF5F /* DashboardScreenView.swift in Sources */,
			);
			runOnlyForDeploymentPostprocessing = 0;
		};
		083EF4E32A34F209009BEF5F /* Sources */ = {
			isa = PBXSourcesBuildPhase;
			buildActionMask = 2147483647;
			files = (
				083EF4EC2A34F209009BEF5F /* EventiDemoTests.swift in Sources */,
			);
			runOnlyForDeploymentPostprocessing = 0;
		};
		083EF4ED2A34F209009BEF5F /* Sources */ = {
			isa = PBXSourcesBuildPhase;
			buildActionMask = 2147483647;
			files = (
				083EF4F82A34F209009BEF5F /* EventiDemoUITestsLaunchTests.swift in Sources */,
				083EF4F62A34F209009BEF5F /* EventiDemoUITests.swift in Sources */,
			);
			runOnlyForDeploymentPostprocessing = 0;
		};
/* End PBXSourcesBuildPhase section */

/* Begin PBXTargetDependency section */
		083EF4E92A34F209009BEF5F /* PBXTargetDependency */ = {
			isa = PBXTargetDependency;
			target = 083EF4D52A34F206009BEF5F /* EventiDemo */;
			targetProxy = 083EF4E82A34F209009BEF5F /* PBXContainerItemProxy */;
		};
		083EF4F32A34F209009BEF5F /* PBXTargetDependency */ = {
			isa = PBXTargetDependency;
			target = 083EF4D52A34F206009BEF5F /* EventiDemo */;
			targetProxy = 083EF4F22A34F209009BEF5F /* PBXContainerItemProxy */;
		};
/* End PBXTargetDependency section */

/* Begin XCBuildConfiguration section */
		083EF4F92A34F209009BEF5F /* Debug */ = {
			isa = XCBuildConfiguration;
			buildSettings = {
				ALWAYS_SEARCH_USER_PATHS = NO;
				CLANG_ANALYZER_NONNULL = YES;
				CLANG_ANALYZER_NUMBER_OBJECT_CONVERSION = YES_AGGRESSIVE;
				CLANG_CXX_LANGUAGE_STANDARD = "gnu++20";
				CLANG_ENABLE_MODULES = YES;
				CLANG_ENABLE_OBJC_ARC = YES;
				CLANG_ENABLE_OBJC_WEAK = YES;
				CLANG_WARN_BLOCK_CAPTURE_AUTORELEASING = YES;
				CLANG_WARN_BOOL_CONVERSION = YES;
				CLANG_WARN_COMMA = YES;
				CLANG_WARN_CONSTANT_CONVERSION = YES;
				CLANG_WARN_DEPRECATED_OBJC_IMPLEMENTATIONS = YES;
				CLANG_WARN_DIRECT_OBJC_ISA_USAGE = YES_ERROR;
				CLANG_WARN_DOCUMENTATION_COMMENTS = YES;
				CLANG_WARN_EMPTY_BODY = YES;
				CLANG_WARN_ENUM_CONVERSION = YES;
				CLANG_WARN_INFINITE_RECURSION = YES;
				CLANG_WARN_INT_CONVERSION = YES;
				CLANG_WARN_NON_LITERAL_NULL_CONVERSION = YES;
				CLANG_WARN_OBJC_IMPLICIT_RETAIN_SELF = YES;
				CLANG_WARN_OBJC_LITERAL_CONVERSION = YES;
				CLANG_WARN_OBJC_ROOT_CLASS = YES_ERROR;
				CLANG_WARN_QUOTED_INCLUDE_IN_FRAMEWORK_HEADER = YES;
				CLANG_WARN_RANGE_LOOP_ANALYSIS = YES;
				CLANG_WARN_STRICT_PROTOTYPES = YES;
				CLANG_WARN_SUSPICIOUS_MOVE = YES;
				CLANG_WARN_UNGUARDED_AVAILABILITY = YES_AGGRESSIVE;
				CLANG_WARN_UNREACHABLE_CODE = YES;
				CLANG_WARN__DUPLICATE_METHOD_MATCH = YES;
				COPY_PHASE_STRIP = NO;
				DEBUG_INFORMATION_FORMAT = dwarf;
				ENABLE_STRICT_OBJC_MSGSEND = YES;
				ENABLE_TESTABILITY = YES;
				GCC_C_LANGUAGE_STANDARD = gnu11;
				GCC_DYNAMIC_NO_PIC = NO;
				GCC_NO_COMMON_BLOCKS = YES;
				GCC_OPTIMIZATION_LEVEL = 0;
				GCC_PREPROCESSOR_DEFINITIONS = (
					"DEBUG=1",
					"$(inherited)",
				);
				GCC_WARN_64_TO_32_BIT_CONVERSION = YES;
				GCC_WARN_ABOUT_RETURN_TYPE = YES_ERROR;
				GCC_WARN_UNDECLARED_SELECTOR = YES;
				GCC_WARN_UNINITIALIZED_AUTOS = YES_AGGRESSIVE;
				GCC_WARN_UNUSED_FUNCTION = YES;
				GCC_WARN_UNUSED_VARIABLE = YES;
				MTL_ENABLE_DEBUG_INFO = INCLUDE_SOURCE;
				MTL_FAST_MATH = YES;
				ONLY_ACTIVE_ARCH = YES;
				SWIFT_ACTIVE_COMPILATION_CONDITIONS = DEBUG;
				SWIFT_OPTIMIZATION_LEVEL = "-Onone";
			};
			name = Debug;
		};
		083EF4FA2A34F209009BEF5F /* Release */ = {
			isa = XCBuildConfiguration;
			buildSettings = {
				ALWAYS_SEARCH_USER_PATHS = NO;
				CLANG_ANALYZER_NONNULL = YES;
				CLANG_ANALYZER_NUMBER_OBJECT_CONVERSION = YES_AGGRESSIVE;
				CLANG_CXX_LANGUAGE_STANDARD = "gnu++20";
				CLANG_ENABLE_MODULES = YES;
				CLANG_ENABLE_OBJC_ARC = YES;
				CLANG_ENABLE_OBJC_WEAK = YES;
				CLANG_WARN_BLOCK_CAPTURE_AUTORELEASING = YES;
				CLANG_WARN_BOOL_CONVERSION = YES;
				CLANG_WARN_COMMA = YES;
				CLANG_WARN_CONSTANT_CONVERSION = YES;
				CLANG_WARN_DEPRECATED_OBJC_IMPLEMENTATIONS = YES;
				CLANG_WARN_DIRECT_OBJC_ISA_USAGE = YES_ERROR;
				CLANG_WARN_DOCUMENTATION_COMMENTS = YES;
				CLANG_WARN_EMPTY_BODY = YES;
				CLANG_WARN_ENUM_CONVERSION = YES;
				CLANG_WARN_INFINITE_RECURSION = YES;
				CLANG_WARN_INT_CONVERSION = YES;
				CLANG_WARN_NON_LITERAL_NULL_CONVERSION = YES;
				CLANG_WARN_OBJC_IMPLICIT_RETAIN_SELF = YES;
				CLANG_WARN_OBJC_LITERAL_CONVERSION = YES;
				CLANG_WARN_OBJC_ROOT_CLASS = YES_ERROR;
				CLANG_WARN_QUOTED_INCLUDE_IN_FRAMEWORK_HEADER = YES;
				CLANG_WARN_RANGE_LOOP_ANALYSIS = YES;
				CLANG_WARN_STRICT_PROTOTYPES = YES;
				CLANG_WARN_SUSPICIOUS_MOVE = YES;
				CLANG_WARN_UNGUARDED_AVAILABILITY = YES_AGGRESSIVE;
				CLANG_WARN_UNREACHABLE_CODE = YES;
				CLANG_WARN__DUPLICATE_METHOD_MATCH = YES;
				COPY_PHASE_STRIP = NO;
				DEBUG_INFORMATION_FORMAT = "dwarf-with-dsym";
				ENABLE_NS_ASSERTIONS = NO;
				ENABLE_STRICT_OBJC_MSGSEND = YES;
				GCC_C_LANGUAGE_STANDARD = gnu11;
				GCC_NO_COMMON_BLOCKS = YES;
				GCC_WARN_64_TO_32_BIT_CONVERSION = YES;
				GCC_WARN_ABOUT_RETURN_TYPE = YES_ERROR;
				GCC_WARN_UNDECLARED_SELECTOR = YES;
				GCC_WARN_UNINITIALIZED_AUTOS = YES_AGGRESSIVE;
				GCC_WARN_UNUSED_FUNCTION = YES;
				GCC_WARN_UNUSED_VARIABLE = YES;
				MTL_ENABLE_DEBUG_INFO = NO;
				MTL_FAST_MATH = YES;
				SWIFT_COMPILATION_MODE = wholemodule;
				SWIFT_OPTIMIZATION_LEVEL = "-O";
			};
			name = Release;
		};
		083EF4FC2A34F209009BEF5F /* Debug */ = {
			isa = XCBuildConfiguration;
			buildSettings = {
				ASSETCATALOG_COMPILER_APPICON_NAME = AppIcon;
				ASSETCATALOG_COMPILER_GLOBAL_ACCENT_COLOR_NAME = AccentColor;
				CODE_SIGN_ENTITLEMENTS = EventiDemo/EventiDemo.entitlements;
				CODE_SIGN_STYLE = Automatic;
				CURRENT_PROJECT_VERSION = 1;
				DEVELOPMENT_ASSET_PATHS = "\"EventiDemo/Preview Content\"";
				ENABLE_PREVIEWS = YES;
				GENERATE_INFOPLIST_FILE = YES;
				"INFOPLIST_KEY_UIApplicationSceneManifest_Generation[sdk=iphoneos*]" = YES;
				"INFOPLIST_KEY_UIApplicationSceneManifest_Generation[sdk=iphonesimulator*]" = YES;
				"INFOPLIST_KEY_UIApplicationSupportsIndirectInputEvents[sdk=iphoneos*]" = YES;
				"INFOPLIST_KEY_UIApplicationSupportsIndirectInputEvents[sdk=iphonesimulator*]" = YES;
				"INFOPLIST_KEY_UILaunchScreen_Generation[sdk=iphoneos*]" = YES;
				"INFOPLIST_KEY_UILaunchScreen_Generation[sdk=iphonesimulator*]" = YES;
				"INFOPLIST_KEY_UIStatusBarStyle[sdk=iphoneos*]" = UIStatusBarStyleDefault;
				"INFOPLIST_KEY_UIStatusBarStyle[sdk=iphonesimulator*]" = UIStatusBarStyleDefault;
				INFOPLIST_KEY_UISupportedInterfaceOrientations_iPad = "UIInterfaceOrientationPortrait UIInterfaceOrientationPortraitUpsideDown UIInterfaceOrientationLandscapeLeft UIInterfaceOrientationLandscapeRight";
				INFOPLIST_KEY_UISupportedInterfaceOrientations_iPhone = "UIInterfaceOrientationPortrait UIInterfaceOrientationLandscapeLeft UIInterfaceOrientationLandscapeRight";
				IPHONEOS_DEPLOYMENT_TARGET = 16.4;
				LD_RUNPATH_SEARCH_PATHS = "@executable_path/Frameworks";
				"LD_RUNPATH_SEARCH_PATHS[sdk=macosx*]" = "@executable_path/../Frameworks";
				MACOSX_DEPLOYMENT_TARGET = 13.3;
				MARKETING_VERSION = 1.0;
				PRODUCT_BUNDLE_IDENTIFIER = eventiDemo.EventiDemo;
				PRODUCT_NAME = "$(TARGET_NAME)";
				SDKROOT = auto;
				SUPPORTED_PLATFORMS = "iphoneos iphonesimulator macosx";
				SWIFT_EMIT_LOC_STRINGS = YES;
				SWIFT_VERSION = 5.0;
				TARGETED_DEVICE_FAMILY = "1,2";
			};
			name = Debug;
		};
		083EF4FD2A34F209009BEF5F /* Release */ = {
			isa = XCBuildConfiguration;
			buildSettings = {
				ASSETCATALOG_COMPILER_APPICON_NAME = AppIcon;
				ASSETCATALOG_COMPILER_GLOBAL_ACCENT_COLOR_NAME = AccentColor;
				CODE_SIGN_ENTITLEMENTS = EventiDemo/EventiDemo.entitlements;
				CODE_SIGN_STYLE = Automatic;
				CURRENT_PROJECT_VERSION = 1;
				DEVELOPMENT_ASSET_PATHS = "\"EventiDemo/Preview Content\"";
				ENABLE_PREVIEWS = YES;
				GENERATE_INFOPLIST_FILE = YES;
				"INFOPLIST_KEY_UIApplicationSceneManifest_Generation[sdk=iphoneos*]" = YES;
				"INFOPLIST_KEY_UIApplicationSceneManifest_Generation[sdk=iphonesimulator*]" = YES;
				"INFOPLIST_KEY_UIApplicationSupportsIndirectInputEvents[sdk=iphoneos*]" = YES;
				"INFOPLIST_KEY_UIApplicationSupportsIndirectInputEvents[sdk=iphonesimulator*]" = YES;
				"INFOPLIST_KEY_UILaunchScreen_Generation[sdk=iphoneos*]" = YES;
				"INFOPLIST_KEY_UILaunchScreen_Generation[sdk=iphonesimulator*]" = YES;
				"INFOPLIST_KEY_UIStatusBarStyle[sdk=iphoneos*]" = UIStatusBarStyleDefault;
				"INFOPLIST_KEY_UIStatusBarStyle[sdk=iphonesimulator*]" = UIStatusBarStyleDefault;
				INFOPLIST_KEY_UISupportedInterfaceOrientations_iPad = "UIInterfaceOrientationPortrait UIInterfaceOrientationPortraitUpsideDown UIInterfaceOrientationLandscapeLeft UIInterfaceOrientationLandscapeRight";
				INFOPLIST_KEY_UISupportedInterfaceOrientations_iPhone = "UIInterfaceOrientationPortrait UIInterfaceOrientationLandscapeLeft UIInterfaceOrientationLandscapeRight";
				IPHONEOS_DEPLOYMENT_TARGET = 16.4;
				LD_RUNPATH_SEARCH_PATHS = "@executable_path/Frameworks";
				"LD_RUNPATH_SEARCH_PATHS[sdk=macosx*]" = "@executable_path/../Frameworks";
				MACOSX_DEPLOYMENT_TARGET = 13.3;
				MARKETING_VERSION = 1.0;
				PRODUCT_BUNDLE_IDENTIFIER = eventiDemo.EventiDemo;
				PRODUCT_NAME = "$(TARGET_NAME)";
				SDKROOT = auto;
				SUPPORTED_PLATFORMS = "iphoneos iphonesimulator macosx";
				SWIFT_EMIT_LOC_STRINGS = YES;
				SWIFT_VERSION = 5.0;
				TARGETED_DEVICE_FAMILY = "1,2";
			};
			name = Release;
		};
		083EF4FF2A34F209009BEF5F /* Debug */ = {
			isa = XCBuildConfiguration;
			buildSettings = {
				ALWAYS_EMBED_SWIFT_STANDARD_LIBRARIES = YES;
				BUNDLE_LOADER = "$(TEST_HOST)";
				CODE_SIGN_STYLE = Automatic;
				CURRENT_PROJECT_VERSION = 1;
				GENERATE_INFOPLIST_FILE = YES;
				IPHONEOS_DEPLOYMENT_TARGET = 16.4;
				MACOSX_DEPLOYMENT_TARGET = 13.3;
				MARKETING_VERSION = 1.0;
				PRODUCT_BUNDLE_IDENTIFIER = eventiDemo.EventiDemoTests;
				PRODUCT_NAME = "$(TARGET_NAME)";
				SDKROOT = auto;
				SUPPORTED_PLATFORMS = "iphoneos iphonesimulator macosx";
				SWIFT_EMIT_LOC_STRINGS = NO;
				SWIFT_VERSION = 5.0;
				TARGETED_DEVICE_FAMILY = "1,2";
				TEST_HOST = "$(BUILT_PRODUCTS_DIR)/EventiDemo.app/$(BUNDLE_EXECUTABLE_FOLDER_PATH)/EventiDemo";
			};
			name = Debug;
		};
		083EF5002A34F209009BEF5F /* Release */ = {
			isa = XCBuildConfiguration;
			buildSettings = {
				ALWAYS_EMBED_SWIFT_STANDARD_LIBRARIES = YES;
				BUNDLE_LOADER = "$(TEST_HOST)";
				CODE_SIGN_STYLE = Automatic;
				CURRENT_PROJECT_VERSION = 1;
				GENERATE_INFOPLIST_FILE = YES;
				IPHONEOS_DEPLOYMENT_TARGET = 16.4;
				MACOSX_DEPLOYMENT_TARGET = 13.3;
				MARKETING_VERSION = 1.0;
				PRODUCT_BUNDLE_IDENTIFIER = eventiDemo.EventiDemoTests;
				PRODUCT_NAME = "$(TARGET_NAME)";
				SDKROOT = auto;
				SUPPORTED_PLATFORMS = "iphoneos iphonesimulator macosx";
				SWIFT_EMIT_LOC_STRINGS = NO;
				SWIFT_VERSION = 5.0;
				TARGETED_DEVICE_FAMILY = "1,2";
				TEST_HOST = "$(BUILT_PRODUCTS_DIR)/EventiDemo.app/$(BUNDLE_EXECUTABLE_FOLDER_PATH)/EventiDemo";
			};
			name = Release;
		};
		083EF5022A34F209009BEF5F /* Debug */ = {
			isa = XCBuildConfiguration;
			buildSettings = {
				ALWAYS_EMBED_SWIFT_STANDARD_LIBRARIES = YES;
				CODE_SIGN_STYLE = Automatic;
				CURRENT_PROJECT_VERSION = 1;
				GENERATE_INFOPLIST_FILE = YES;
				IPHONEOS_DEPLOYMENT_TARGET = 16.4;
				MACOSX_DEPLOYMENT_TARGET = 13.3;
				MARKETING_VERSION = 1.0;
				PRODUCT_BUNDLE_IDENTIFIER = eventiDemo.EventiDemoUITests;
				PRODUCT_NAME = "$(TARGET_NAME)";
				SDKROOT = auto;
				SUPPORTED_PLATFORMS = "iphoneos iphonesimulator macosx";
				SWIFT_EMIT_LOC_STRINGS = NO;
				SWIFT_VERSION = 5.0;
				TARGETED_DEVICE_FAMILY = "1,2";
				TEST_TARGET_NAME = EventiDemo;
			};
			name = Debug;
		};
		083EF5032A34F209009BEF5F /* Release */ = {
			isa = XCBuildConfiguration;
			buildSettings = {
				ALWAYS_EMBED_SWIFT_STANDARD_LIBRARIES = YES;
				CODE_SIGN_STYLE = Automatic;
				CURRENT_PROJECT_VERSION = 1;
				GENERATE_INFOPLIST_FILE = YES;
				IPHONEOS_DEPLOYMENT_TARGET = 16.4;
				MACOSX_DEPLOYMENT_TARGET = 13.3;
				MARKETING_VERSION = 1.0;
				PRODUCT_BUNDLE_IDENTIFIER = eventiDemo.EventiDemoUITests;
				PRODUCT_NAME = "$(TARGET_NAME)";
				SDKROOT = auto;
				SUPPORTED_PLATFORMS = "iphoneos iphonesimulator macosx";
				SWIFT_EMIT_LOC_STRINGS = NO;
				SWIFT_VERSION = 5.0;
				TARGETED_DEVICE_FAMILY = "1,2";
				TEST_TARGET_NAME = EventiDemo;
			};
			name = Release;
		};
/* End XCBuildConfiguration section */

/* Begin XCConfigurationList section */
		083EF4D12A34F206009BEF5F /* Build configuration list for PBXProject "EventiDemo" */ = {
			isa = XCConfigurationList;
			buildConfigurations = (
				083EF4F92A34F209009BEF5F /* Debug */,
				083EF4FA2A34F209009BEF5F /* Release */,
			);
			defaultConfigurationIsVisible = 0;
			defaultConfigurationName = Release;
		};
		083EF4FB2A34F209009BEF5F /* Build configuration list for PBXNativeTarget "EventiDemo" */ = {
			isa = XCConfigurationList;
			buildConfigurations = (
				083EF4FC2A34F209009BEF5F /* Debug */,
				083EF4FD2A34F209009BEF5F /* Release */,
			);
			defaultConfigurationIsVisible = 0;
			defaultConfigurationName = Release;
		};
		083EF4FE2A34F209009BEF5F /* Build configuration list for PBXNativeTarget "EventiDemoTests" */ = {
			isa = XCConfigurationList;
			buildConfigurations = (
				083EF4FF2A34F209009BEF5F /* Debug */,
				083EF5002A34F209009BEF5F /* Release */,
			);
			defaultConfigurationIsVisible = 0;
			defaultConfigurationName = Release;
		};
		083EF5012A34F209009BEF5F /* Build configuration list for PBXNativeTarget "EventiDemoUITests" */ = {
			isa = XCConfigurationList;
			buildConfigurations = (
				083EF5022A34F209009BEF5F /* Debug */,
				083EF5032A34F209009BEF5F /* Release */,
			);
			defaultConfigurationIsVisible = 0;
			defaultConfigurationName = Release;
		};
/* End XCConfigurationList section */

/* Begin XCRemoteSwiftPackageReference section */
		08FABC8F2A55CE6600464614 /* XCRemoteSwiftPackageReference "firebase-ios-sdk" */ = {
			isa = XCRemoteSwiftPackageReference;
			repositoryURL = "https://github.com/firebase/firebase-ios-sdk";
			requirement = {
				kind = upToNextMajorVersion;
				minimumVersion = 10.0.0;
			};
		};
/* End XCRemoteSwiftPackageReference section */

/* Begin XCSwiftPackageProductDependency section */
		08FABC902A55CE6600464614 /* FirebaseAnalytics */ = {
			isa = XCSwiftPackageProductDependency;
			package = 08FABC8F2A55CE6600464614 /* XCRemoteSwiftPackageReference "firebase-ios-sdk" */;
			productName = FirebaseAnalytics;
		};
		08FABC922A55CE6600464614 /* FirebaseAuth */ = {
			isa = XCSwiftPackageProductDependency;
			package = 08FABC8F2A55CE6600464614 /* XCRemoteSwiftPackageReference "firebase-ios-sdk" */;
			productName = FirebaseAuth;
		};
/* End XCSwiftPackageProductDependency section */
	};
	rootObject = 083EF4CE2A34F206009BEF5F /* Project object */;
}
